
Microsoft Visual Studio Solution File, Format Version 12.00
# Visual Studio 14
VisualStudioVersion = 14.0.24720.0
MinimumVisualStudioVersion = 10.0.40219.1
Project("{FAE04EC0-301F-11D3-BF4B-00C04F79EFBC}") = "ORNEK10", "ORNEK10\ORNEK10.csproj", "{46BA1983-3910-4355-8933-8C7E2289E32A}"
EndProject
Global
	GlobalSection(SolutionConfigurationPlatforms) = preSolution
		Debug|Any CPU = Debug|Any CPU
		Release|Any CPU = Release|Any CPU
	EndGlobalSection
	GlobalSection(ProjectConfigurationPlatforms) = postSolution
		{46BA1983-3910-4355-8933-8C7E2289E32A}.Debug|Any CPU.ActiveCfg = Debug|Any CPU
		{46BA1983-3910-4355-8933-8C7E2289E32A}.Debug|Any CPU.Build.0 = Debug|Any CPU
		{46BA1983-3910-4355-8933-8C7E2289E32A}.Release|Any CPU.ActiveCfg = Release|Any CPU
		{46BA1983-3910-4355-8933-8C7E2289E32A}.Release|Any CPU.Build.0 = Release|Any CPU
	EndGlobalSection
	GlobalSection(SolutionProperties) = preSolution
		HideSolutionNode = FALSE
	EndGlobalSection
EndGlobal
