
Microsoft Visual Studio Solution File, Format Version 12.00
# Visual Studio 14
VisualStudioVersion = 14.0.25420.1
MinimumVisualStudioVersion = 10.0.40219.1
Project("{FAE04EC0-301F-11D3-BF4B-00C04F79EFBC}") = "desımale cevırme", "desımale cevırme\desımale cevırme.csproj", "{22A5ADB4-0073-459B-A56B-FCBAEA37A31A}"
EndProject
Global
	GlobalSection(SolutionConfigurationPlatforms) = preSolution
		Debug|Any CPU = Debug|Any CPU
		Release|Any CPU = Release|Any CPU
	EndGlobalSection
	GlobalSection(ProjectConfigurationPlatforms) = postSolution
		{22A5ADB4-0073-459B-A56B-FCBAEA37A31A}.Debug|Any CPU.ActiveCfg = Debug|Any CPU
		{22A5ADB4-0073-459B-A56B-FCBAEA37A31A}.Debug|Any CPU.Build.0 = Debug|Any CPU
		{22A5ADB4-0073-459B-A56B-FCBAEA37A31A}.Release|Any CPU.ActiveCfg = Release|Any CPU
		{22A5ADB4-0073-459B-A56B-FCBAEA37A31A}.Release|Any CPU.Build.0 = Release|Any CPU
	EndGlobalSection
	GlobalSection(SolutionProperties) = preSolution
		HideSolutionNode = FALSE
	EndGlobalSection
EndGlobal
