
Microsoft Visual Studio Solution File, Format Version 12.00
# Visual Studio 15
VisualStudioVersion = 15.0.28307.572
MinimumVisualStudioVersion = 10.0.40219.1
Project("{FAE04EC0-301F-11D3-BF4B-00C04F79EFBC}") = "WindowsFormsApp2", "WindowsFormsApp2\WindowsFormsApp2.csproj", "{EFA23BBC-2540-40EF-9C2F-0A9F400C96FB}"
EndProject
Global
	GlobalSection(SolutionConfigurationPlatforms) = preSolution
		Debug|Any CPU = Debug|Any CPU
		Release|Any CPU = Release|Any CPU
	EndGlobalSection
	GlobalSection(ProjectConfigurationPlatforms) = postSolution
		{EFA23BBC-2540-40EF-9C2F-0A9F400C96FB}.Debug|Any CPU.ActiveCfg = Debug|Any CPU
		{EFA23BBC-2540-40EF-9C2F-0A9F400C96FB}.Debug|Any CPU.Build.0 = Debug|Any CPU
		{EFA23BBC-2540-40EF-9C2F-0A9F400C96FB}.Release|Any CPU.ActiveCfg = Release|Any CPU
		{EFA23BBC-2540-40EF-9C2F-0A9F400C96FB}.Release|Any CPU.Build.0 = Release|Any CPU
	EndGlobalSection
	GlobalSection(SolutionProperties) = preSolution
		HideSolutionNode = FALSE
	EndGlobalSection
	GlobalSection(ExtensibilityGlobals) = postSolution
		SolutionGuid = {BA291BC7-AD8D-48AE-85B4-7691BF082364}
	EndGlobalSection
EndGlobal
